
Microsoft Visual Studio Solution File, Format Version 10.00
# Visual Studio 2008
Project("{FAE04EC0-301F-11D3-BF4B-00C04F79EFBC}") = "DateTimeByMinute", "DateTimeByMinute\DateTimeByMinute.csproj", "{3B1A7796-CC06-40D9-8F05-5213990EEEDC}"
EndProject
Project("{2150E333-8FDC-42A3-9474-1A3956D46DE8}") = "Code Style Enforcer", "Code Style Enforcer", "{975E5D0E-21E7-4606-A74F-ABE5FEFA8E09}"
	ProjectSection(SolutionItems) = preProject
		Code Style Enforcer\ImplementationRules.xml = Code Style Enforcer\ImplementationRules.xml
		Code Style Enforcer\NameRules.xml = Code Style Enforcer\NameRules.xml
		Code Style Enforcer\VisibilityRules.xml = Code Style Enforcer\VisibilityRules.xml
	EndProjectSection
EndProject
Global
	GlobalSection(SubversionScc) = preSolution
		Svn-Managed = True
		Manager = AnkhSVN - Subversion Support for Visual Studio
	EndGlobalSection
	GlobalSection(SolutionConfigurationPlatforms) = preSolution
		Debug|Any CPU = Debug|Any CPU
		Release|Any CPU = Release|Any CPU
	EndGlobalSection
	GlobalSection(ProjectConfigurationPlatforms) = postSolution
		{3B1A7796-CC06-40D9-8F05-5213990EEEDC}.Debug|Any CPU.ActiveCfg = Debug|Any CPU
		{3B1A7796-CC06-40D9-8F05-5213990EEEDC}.Debug|Any CPU.Build.0 = Debug|Any CPU
		{3B1A7796-CC06-40D9-8F05-5213990EEEDC}.Debug|Any CPU.Deploy.0 = Debug|Any CPU
		{3B1A7796-CC06-40D9-8F05-5213990EEEDC}.Release|Any CPU.ActiveCfg = Release|Any CPU
		{3B1A7796-CC06-40D9-8F05-5213990EEEDC}.Release|Any CPU.Build.0 = Release|Any CPU
		{3B1A7796-CC06-40D9-8F05-5213990EEEDC}.Release|Any CPU.Deploy.0 = Release|Any CPU
	EndGlobalSection
	GlobalSection(SolutionProperties) = preSolution
		HideSolutionNode = FALSE
	EndGlobalSection
	GlobalSection(ExtensibilityGlobals) = postSolution
		VisualSVNWorkingCopyRoot = ..\..
		CodeStyleEnforcer_Active = -1
		CodeStyleEnforcer_RulesLocation = 1
	EndGlobalSection
EndGlobal
